
Microsoft Visual Studio Solution File, Format Version 12.00
# Visual Studio Version 17
VisualStudioVersion = 17.13.35931.197
MinimumVisualStudioVersion = 10.0.40219.1
Project("{8BC9CEB8-8B4A-11D0-8D11-00A0C91BC942}") = "PASSGEN", "PASSGEN.vcxproj", "{E60F4129-AEA8-4DAD-859E-084733C53040}"
	ProjectSection(ProjectDependencies) = postProject
		{06091828-FC28-4B22-9545-4239B1CB6AE0} = {06091828-FC28-4B22-9545-4239B1CB6AE0}
		{5853C3E5-766C-42F0-A5CA-F756135713E6} = {5853C3E5-766C-42F0-A5CA-F756135713E6}
		{67D41D21-297F-4CB3-8E24-EBB9B8908591} = {67D41D21-297F-4CB3-8E24-EBB9B8908591}
	EndProjectSection
EndProject
Project("{8BC9CEB8-8B4A-11D0-8D11-00A0C91BC942}") = "UTIL", "..\..\LIB\UTIL\UTIL\UTIL.vcxproj", "{67D41D21-297F-4CB3-8E24-EBB9B8908591}"
EndProject
Project("{8BC9CEB8-8B4A-11D0-8D11-00A0C91BC942}") = "GPH", "..\..\LIB\GPH\GPH\GPH.vcxproj", "{06091828-FC28-4B22-9545-4239B1CB6AE0}"
	ProjectSection(ProjectDependencies) = postProject
		{67D41D21-297F-4CB3-8E24-EBB9B8908591} = {67D41D21-297F-4CB3-8E24-EBB9B8908591}
	EndProjectSection
EndProject
Project("{8BC9CEB8-8B4A-11D0-8D11-00A0C91BC942}") = "WIN", "..\..\LIB\WIN\WIN\WIN.vcxproj", "{5853C3E5-766C-42F0-A5CA-F756135713E6}"
	ProjectSection(ProjectDependencies) = postProject
		{06091828-FC28-4B22-9545-4239B1CB6AE0} = {06091828-FC28-4B22-9545-4239B1CB6AE0}
		{67D41D21-297F-4CB3-8E24-EBB9B8908591} = {67D41D21-297F-4CB3-8E24-EBB9B8908591}
	EndProjectSection
EndProject
Global
	GlobalSection(SolutionConfigurationPlatforms) = preSolution
		Debug|x64 = Debug|x64
		Debug|x86 = Debug|x86
		Release|x64 = Release|x64
		Release|x86 = Release|x86
	EndGlobalSection
	GlobalSection(ProjectConfigurationPlatforms) = postSolution
		{E60F4129-AEA8-4DAD-859E-084733C53040}.Debug|x64.ActiveCfg = Debug|x64
		{E60F4129-AEA8-4DAD-859E-084733C53040}.Debug|x64.Build.0 = Debug|x64
		{E60F4129-AEA8-4DAD-859E-084733C53040}.Debug|x86.ActiveCfg = Debug|Win32
		{E60F4129-AEA8-4DAD-859E-084733C53040}.Debug|x86.Build.0 = Debug|Win32
		{E60F4129-AEA8-4DAD-859E-084733C53040}.Release|x64.ActiveCfg = Release|x64
		{E60F4129-AEA8-4DAD-859E-084733C53040}.Release|x64.Build.0 = Release|x64
		{E60F4129-AEA8-4DAD-859E-084733C53040}.Release|x86.ActiveCfg = Release|Win32
		{E60F4129-AEA8-4DAD-859E-084733C53040}.Release|x86.Build.0 = Release|Win32
		{67D41D21-297F-4CB3-8E24-EBB9B8908591}.Debug|x64.ActiveCfg = Debug|x64
		{67D41D21-297F-4CB3-8E24-EBB9B8908591}.Debug|x64.Build.0 = Debug|x64
		{67D41D21-297F-4CB3-8E24-EBB9B8908591}.Debug|x86.ActiveCfg = Debug|Win32
		{67D41D21-297F-4CB3-8E24-EBB9B8908591}.Debug|x86.Build.0 = Debug|Win32
		{67D41D21-297F-4CB3-8E24-EBB9B8908591}.Release|x64.ActiveCfg = Release|x64
		{67D41D21-297F-4CB3-8E24-EBB9B8908591}.Release|x64.Build.0 = Release|x64
		{67D41D21-297F-4CB3-8E24-EBB9B8908591}.Release|x86.ActiveCfg = Release|Win32
		{67D41D21-297F-4CB3-8E24-EBB9B8908591}.Release|x86.Build.0 = Release|Win32
		{06091828-FC28-4B22-9545-4239B1CB6AE0}.Debug|x64.ActiveCfg = Debug|x64
		{06091828-FC28-4B22-9545-4239B1CB6AE0}.Debug|x64.Build.0 = Debug|x64
		{06091828-FC28-4B22-9545-4239B1CB6AE0}.Debug|x86.ActiveCfg = Debug|Win32
		{06091828-FC28-4B22-9545-4239B1CB6AE0}.Debug|x86.Build.0 = Debug|Win32
		{06091828-FC28-4B22-9545-4239B1CB6AE0}.Release|x64.ActiveCfg = Release|x64
		{06091828-FC28-4B22-9545-4239B1CB6AE0}.Release|x64.Build.0 = Release|x64
		{06091828-FC28-4B22-9545-4239B1CB6AE0}.Release|x86.ActiveCfg = Release|Win32
		{06091828-FC28-4B22-9545-4239B1CB6AE0}.Release|x86.Build.0 = Release|Win32
		{5853C3E5-766C-42F0-A5CA-F756135713E6}.Debug|x64.ActiveCfg = Debug|x64
		{5853C3E5-766C-42F0-A5CA-F756135713E6}.Debug|x64.Build.0 = Debug|x64
		{5853C3E5-766C-42F0-A5CA-F756135713E6}.Debug|x86.ActiveCfg = Debug|Win32
		{5853C3E5-766C-42F0-A5CA-F756135713E6}.Debug|x86.Build.0 = Debug|Win32
		{5853C3E5-766C-42F0-A5CA-F756135713E6}.Release|x64.ActiveCfg = Release|x64
		{5853C3E5-766C-42F0-A5CA-F756135713E6}.Release|x64.Build.0 = Release|x64
		{5853C3E5-766C-42F0-A5CA-F756135713E6}.Release|x86.ActiveCfg = Release|Win32
		{5853C3E5-766C-42F0-A5CA-F756135713E6}.Release|x86.Build.0 = Release|Win32
	EndGlobalSection
	GlobalSection(SolutionProperties) = preSolution
		HideSolutionNode = FALSE
	EndGlobalSection
	GlobalSection(ExtensibilityGlobals) = postSolution
		SolutionGuid = {8EAA51BC-17F6-4A7B-9B80-7CACB70DEE60}
	EndGlobalSection
EndGlobal
